// !$*UTF8*$!
{
	archiveVersion = 1;
	classes = {
	};
	objectVersion = 46;
	objects = {

/* Begin PBXBuildFile section */
		A68C1B331C4CE460000E2BA6 /* main.m in Sources */ = {isa = PBXBuildFile; fileRef = A68C1B321C4CE460000E2BA6 /* main.m */; };
		A68C1B361C4CE460000E2BA6 /* AppDelegate.m in Sources */ = {isa = PBXBuildFile; fileRef = A68C1B351C4CE460000E2BA6 /* AppDelegate.m */; };
		A68C1B391C4CE460000E2BA6 /* ViewController.m in Sources */ = {isa = PBXBuildFile; fileRef = A68C1B381C4CE460000E2BA6 /* ViewController.m */; };
		A68C1B3C1C4CE460000E2BA6 /* Main.storyboard in Resources */ = {isa = PBXBuildFile; fileRef = A68C1B3A1C4CE460000E2BA6 /* Main.storyboard */; };
		A68C1B3E1C4CE460000E2BA6 /* Assets.xcassets in Resources */ = {isa = PBXBuildFile; fileRef = A68C1B3D1C4CE460000E2BA6 /* Assets.xcassets */; };
		A68C1B411C4CE460000E2BA6 /* LaunchScreen.storyboard in Resources */ = {isa = PBXBuildFile; fileRef = A68C1B3F1C4CE460000E2BA6 /* LaunchScreen.storyboard */; };
		A68C1B4C1C4CE461000E2BA6 /* GpsPingTests.m in Sources */ = {isa = PBXBuildFile; fileRef = A68C1B4B1C4CE461000E2BA6 /* GpsPingTests.m */; };
		A68C1B571C4CE461000E2BA6 /* GpsPingUITests.m in Sources */ = {isa = PBXBuildFile; fileRef = A68C1B561C4CE461000E2BA6 /* GpsPingUITests.m */; };
/* End PBXBuildFile section */

/* Begin PBXContainerItemProxy section */
		A68C1B481C4CE461000E2BA6 /* PBXContainerItemProxy */ = {
			isa = PBXContainerItemProxy;
			containerPortal = A68C1B261C4CE460000E2BA6 /* Project object */;
			proxyType = 1;
			remoteGlobalIDString = A68C1B2D1C4CE460000E2BA6;
			remoteInfo = GpsPing;
		};
		A68C1B531C4CE461000E2BA6 /* PBXContainerItemProxy */ = {
			isa = PBXContainerItemProxy;
			containerPortal = A68C1B261C4CE460000E2BA6 /* Project object */;
			proxyType = 1;
			remoteGlobalIDString = A68C1B2D1C4CE460000E2BA6;
			remoteInfo = GpsPing;
		};
/* End PBXContainerItemProxy section */

/* Begin PBXFileReference section */
		A68C1B2E1C4CE460000E2BA6 /* GpsPing.app */ = {isa = PBXFileReference; explicitFileType = wrapper.application; includeInIndex = 0; path = GpsPing.app; sourceTree = BUILT_PRODUCTS_DIR; };
		A68C1B321C4CE460000E2BA6 /* main.m */ = {isa = PBXFileReference; lastKnownFileType = sourcecode.c.objc; path = main.m; sourceTree = "<group>"; };
		A68C1B341C4CE460000E2BA6 /* AppDelegate.h */ = {isa = PBXFileReference; lastKnownFileType = sourcecode.c.h; path = AppDelegate.h; sourceTree = "<group>"; };
		A68C1B351C4CE460000E2BA6 /* AppDelegate.m */ = {isa = PBXFileReference; lastKnownFileType = sourcecode.c.objc; path = AppDelegate.m; sourceTree = "<group>"; };
		A68C1B371C4CE460000E2BA6 /* ViewController.h */ = {isa = PBXFileReference; lastKnownFileType = sourcecode.c.h; path = ViewController.h; sourceTree = "<group>"; };
		A68C1B381C4CE460000E2BA6 /* ViewController.m */ = {isa = PBXFileReference; lastKnownFileType = sourcecode.c.objc; path = ViewController.m; sourceTree = "<group>"; };
		A68C1B3B1C4CE460000E2BA6 /* Base */ = {isa = PBXFileReference; lastKnownFileType = file.storyboard; name = Base; path = Base.lproj/Main.storyboard; sourceTree = "<group>"; };
		A68C1B3D1C4CE460000E2BA6 /* Assets.xcassets */ = {isa = PBXFileReference; lastKnownFileType = folder.assetcatalog; path = Assets.xcassets; sourceTree = "<group>"; };
		A68C1B401C4CE460000E2BA6 /* Base */ = {isa = PBXFileReference; lastKnownFileType = file.storyboard; name = Base; path = Base.lproj/LaunchScreen.storyboard; sourceTree = "<group>"; };
		A68C1B421C4CE460000E2BA6 /* Info.plist */ = {isa = PBXFileReference; lastKnownFileType = text.plist.xml; path = Info.plist; sourceTree = "<group>"; };
		A68C1B471C4CE461000E2BA6 /* GpsPingTests.xctest */ = {isa = PBXFileReference; explicitFileType = wrapper.cfbundle; includeInIndex = 0; path = GpsPingTests.xctest; sourceTree = BUILT_PRODUCTS_DIR; };
		A68C1B4B1C4CE461000E2BA6 /* GpsPingTests.m */ = {isa = PBXFileReference; lastKnownFileType = sourcecode.c.objc; path = GpsPingTests.m; sourceTree = "<group>"; };
		A68C1B4D1C4CE461000E2BA6 /* Info.plist */ = {isa = PBXFileReference; lastKnownFileType = text.plist.xml; path = Info.plist; sourceTree = "<group>"; };
		A68C1B521C4CE461000E2BA6 /* GpsPingUITests.xctest */ = {isa = PBXFileReference; explicitFileType = wrapper.cfbundle; includeInIndex = 0; path = GpsPingUITests.xctest; sourceTree = BUILT_PRODUCTS_DIR; };
		A68C1B561C4CE461000E2BA6 /* GpsPingUITests.m */ = {isa = PBXFileReference; lastKnownFileType = sourcecode.c.objc; path = GpsPingUITests.m; sourceTree = "<group>"; };
		A68C1B581C4CE461000E2BA6 /* Info.plist */ = {isa = PBXFileReference; lastKnownFileType = text.plist.xml; path = Info.plist; sourceTree = "<group>"; };
/* End PBXFileReference section */

/* Begin PBXFrameworksBuildPhase section */
		A68C1B2B1C4CE460000E2BA6 /* Frameworks */ = {
			isa = PBXFrameworksBuildPhase;
			buildActionMask = 2147483647;
			files = (
			);
			runOnlyForDeploymentPostprocessing = 0;
		};
		A68C1B441C4CE461000E2BA6 /* Frameworks */ = {
			isa = PBXFrameworksBuildPhase;
			buildActionMask = 2147483647;
			files = (
			);
			runOnlyForDeploymentPostprocessing = 0;
		};
		A68C1B4F1C4CE461000E2BA6 /* Frameworks */ = {
			isa = PBXFrameworksBuildPhase;
			buildActionMask = 2147483647;
			files = (
			);
			runOnlyForDeploymentPostprocessing = 0;
		};
/* End PBXFrameworksBuildPhase section */

/* Begin PBXGroup section */
		A68C1B251C4CE460000E2BA6 = {
			isa = PBXGroup;
			children = (
				A68C1B301C4CE460000E2BA6 /* GpsPing */,
				A68C1B4A1C4CE461000E2BA6 /* GpsPingTests */,
				A68C1B551C4CE461000E2BA6 /* GpsPingUITests */,
				A68C1B2F1C4CE460000E2BA6 /* Products */,
			);
			sourceTree = "<group>";
		};
		A68C1B2F1C4CE460000E2BA6 /* Products */ = {
			isa = PBXGroup;
			children = (
				A68C1B2E1C4CE460000E2BA6 /* GpsPing.app */,
				A68C1B471C4CE461000E2BA6 /* GpsPingTests.xctest */,
				A68C1B521C4CE461000E2BA6 /* GpsPingUITests.xctest */,
			);
			name = Products;
			sourceTree = "<group>";
		};
		A68C1B301C4CE460000E2BA6 /* GpsPing */ = {
			isa = PBXGroup;
			children = (
				A68C1B341C4CE460000E2BA6 /* AppDelegate.h */,
				A68C1B351C4CE460000E2BA6 /* AppDelegate.m */,
				A68C1B371C4CE460000E2BA6 /* ViewController.h */,
				A68C1B381C4CE460000E2BA6 /* ViewController.m */,
				A68C1B3A1C4CE460000E2BA6 /* Main.storyboard */,
				A68C1B3D1C4CE460000E2BA6 /* Assets.xcassets */,
				A68C1B3F1C4CE460000E2BA6 /* LaunchScreen.storyboard */,
				A68C1B421C4CE460000E2BA6 /* Info.plist */,
				A68C1B311C4CE460000E2BA6 /* Supporting Files */,
			);
			path = GpsPing;
			sourceTree = "<group>";
		};
		A68C1B311C4CE460000E2BA6 /* Supporting Files */ = {
			isa = PBXGroup;
			children = (
				A68C1B321C4CE460000E2BA6 /* main.m */,
			);
			name = "Supporting Files";
			sourceTree = "<group>";
		};
		A68C1B4A1C4CE461000E2BA6 /* GpsPingTests */ = {
			isa = PBXGroup;
			children = (
				A68C1B4B1C4CE461000E2BA6 /* GpsPingTests.m */,
				A68C1B4D1C4CE461000E2BA6 /* Info.plist */,
			);
			path = GpsPingTests;
			sourceTree = "<group>";
		};
		A68C1B551C4CE461000E2BA6 /* GpsPingUITests */ = {
			isa = PBXGroup;
			children = (
				A68C1B561C4CE461000E2BA6 /* GpsPingUITests.m */,
				A68C1B581C4CE461000E2BA6 /* Info.plist */,
			);
			path = GpsPingUITests;
			sourceTree = "<group>";
		};
/* End PBXGroup section */

/* Begin PBXNativeTarget section */
		A68C1B2D1C4CE460000E2BA6 /* GpsPing */ = {
			isa = PBXNativeTarget;
			buildConfigurationList = A68C1B5B1C4CE461000E2BA6 /* Build configuration list for PBXNativeTarget "GpsPing" */;
			buildPhases = (
				A68C1B2A1C4CE460000E2BA6 /* Sources */,
				A68C1B2B1C4CE460000E2BA6 /* Frameworks */,
				A68C1B2C1C4CE460000E2BA6 /* Resources */,
			);
			buildRules = (
			);
			dependencies = (
			);
			name = GpsPing;
			productName = GpsPing;
			productReference = A68C1B2E1C4CE460000E2BA6 /* GpsPing.app */;
			productType = "com.apple.product-type.application";
		};
		A68C1B461C4CE461000E2BA6 /* GpsPingTests */ = {
			isa = PBXNativeTarget;
			buildConfigurationList = A68C1B5E1C4CE461000E2BA6 /* Build configuration list for PBXNativeTarget "GpsPingTests" */;
			buildPhases = (
				A68C1B431C4CE461000E2BA6 /* Sources */,
				A68C1B441C4CE461000E2BA6 /* Frameworks */,
				A68C1B451C4CE461000E2BA6 /* Resources */,
			);
			buildRules = (
			);
			dependencies = (
				A68C1B491C4CE461000E2BA6 /* PBXTargetDependency */,
			);
			name = GpsPingTests;
			productName = GpsPingTests;
			productReference = A68C1B471C4CE461000E2BA6 /* GpsPingTests.xctest */;
			productType = "com.apple.product-type.bundle.unit-test";
		};
		A68C1B511C4CE461000E2BA6 /* GpsPingUITests */ = {
			isa = PBXNativeTarget;
			buildConfigurationList = A68C1B611C4CE461000E2BA6 /* Build configuration list for PBXNativeTarget "GpsPingUITests" */;
			buildPhases = (
				A68C1B4E1C4CE461000E2BA6 /* Sources */,
				A68C1B4F1C4CE461000E2BA6 /* Frameworks */,
				A68C1B501C4CE461000E2BA6 /* Resources */,
			);
			buildRules = (
			);
			dependencies = (
				A68C1B541C4CE461000E2BA6 /* PBXTargetDependency */,
			);
			name = GpsPingUITests;
			productName = GpsPingUITests;
			productReference = A68C1B521C4CE461000E2BA6 /* GpsPingUITests.xctest */;
			productType = "com.apple.product-type.bundle.ui-testing";
		};
/* End PBXNativeTarget section */

/* Begin PBXProject section */
		A68C1B261C4CE460000E2BA6 /* Project object */ = {
			isa = PBXProject;
			attributes = {
				LastUpgradeCheck = 0720;
				ORGANIZATIONNAME = "Robin Grønvold";
				TargetAttributes = {
					A68C1B2D1C4CE460000E2BA6 = {
						CreatedOnToolsVersion = 7.2;
					};
					A68C1B461C4CE461000E2BA6 = {
						CreatedOnToolsVersion = 7.2;
						TestTargetID = A68C1B2D1C4CE460000E2BA6;
					};
					A68C1B511C4CE461000E2BA6 = {
						CreatedOnToolsVersion = 7.2;
						TestTargetID = A68C1B2D1C4CE460000E2BA6;
					};
				};
			};
			buildConfigurationList = A68C1B291C4CE460000E2BA6 /* Build configuration list for PBXProject "GpsPing" */;
			compatibilityVersion = "Xcode 3.2";
			developmentRegion = English;
			hasScannedForEncodings = 0;
			knownRegions = (
				en,
				Base,
			);
			mainGroup = A68C1B251C4CE460000E2BA6;
			productRefGroup = A68C1B2F1C4CE460000E2BA6 /* Products */;
			projectDirPath = "";
			projectRoot = "";
			targets = (
				A68C1B2D1C4CE460000E2BA6 /* GpsPing */,
				A68C1B461C4CE461000E2BA6 /* GpsPingTests */,
				A68C1B511C4CE461000E2BA6 /* GpsPingUITests */,
			);
		};
/* End PBXProject section */

/* Begin PBXResourcesBuildPhase section */
		A68C1B2C1C4CE460000E2BA6 /* Resources */ = {
			isa = PBXResourcesBuildPhase;
			buildActionMask = 2147483647;
			files = (
				A68C1B411C4CE460000E2BA6 /* LaunchScreen.storyboard in Resources */,
				A68C1B3E1C4CE460000E2BA6 /* Assets.xcassets in Resources */,
				A68C1B3C1C4CE460000E2BA6 /* Main.storyboard in Resources */,
			);
			runOnlyForDeploymentPostprocessing = 0;
		};
		A68C1B451C4CE461000E2BA6 /* Resources */ = {
			isa = PBXResourcesBuildPhase;
			buildActionMask = 2147483647;
			files = (
			);
			runOnlyForDeploymentPostprocessing = 0;
		};
		A68C1B501C4CE461000E2BA6 /* Resources */ = {
			isa = PBXResourcesBuildPhase;
			buildActionMask = 2147483647;
			files = (
			);
			runOnlyForDeploymentPostprocessing = 0;
		};
/* End PBXResourcesBuildPhase section */

/* Begin PBXSourcesBuildPhase section */
		A68C1B2A1C4CE460000E2BA6 /* Sources */ = {
			isa = PBXSourcesBuildPhase;
			buildActionMask = 2147483647;
			files = (
				A68C1B391C4CE460000E2BA6 /* ViewController.m in Sources */,
				A68C1B361C4CE460000E2BA6 /* AppDelegate.m in Sources */,
				A68C1B331C4CE460000E2BA6 /* main.m in Sources */,
			);
			runOnlyForDeploymentPostprocessing = 0;
		};
		A68C1B431C4CE461000E2BA6 /* Sources */ = {
			isa = PBXSourcesBuildPhase;
			buildActionMask = 2147483647;
			files = (
				A68C1B4C1C4CE461000E2BA6 /* GpsPingTests.m in Sources */,
			);
			runOnlyForDeploymentPostprocessing = 0;
		};
		A68C1B4E1C4CE461000E2BA6 /* Sources */ = {
			isa = PBXSourcesBuildPhase;
			buildActionMask = 2147483647;
			files = (
				A68C1B571C4CE461000E2BA6 /* GpsPingUITests.m in Sources */,
			);
			runOnlyForDeploymentPostprocessing = 0;
		};
/* End PBXSourcesBuildPhase section */

/* Begin PBXTargetDependency section */
		A68C1B491C4CE461000E2BA6 /* PBXTargetDependency */ = {
			isa = PBXTargetDependency;
			target = A68C1B2D1C4CE460000E2BA6 /* GpsPing */;
			targetProxy = A68C1B481C4CE461000E2BA6 /* PBXContainerItemProxy */;
		};
		A68C1B541C4CE461000E2BA6 /* PBXTargetDependency */ = {
			isa = PBXTargetDependency;
			target = A68C1B2D1C4CE460000E2BA6 /* GpsPing */;
			targetProxy = A68C1B531C4CE461000E2BA6 /* PBXContainerItemProxy */;
		};
/* End PBXTargetDependency section */

/* Begin PBXVariantGroup section */
		A68C1B3A1C4CE460000E2BA6 /* Main.storyboard */ = {
			isa = PBXVariantGroup;
			children = (
				A68C1B3B1C4CE460000E2BA6 /* Base */,
			);
			name = Main.storyboard;
			sourceTree = "<group>";
		};
		A68C1B3F1C4CE460000E2BA6 /* LaunchScreen.storyboard */ = {
			isa = PBXVariantGroup;
			children = (
				A68C1B401C4CE460000E2BA6 /* Base */,
			);
			name = LaunchScreen.storyboard;
			sourceTree = "<group>";
		};
/* End PBXVariantGroup section */

/* Begin XCBuildConfiguration section */
		A68C1B591C4CE461000E2BA6 /* Debug */ = {
			isa = XCBuildConfiguration;
			buildSettings = {
				ALWAYS_SEARCH_USER_PATHS = NO;
				CLANG_CXX_LANGUAGE_STANDARD = "gnu++0x";
				CLANG_CXX_LIBRARY = "libc++";
				CLANG_ENABLE_MODULES = YES;
				CLANG_ENABLE_OBJC_ARC = YES;
				CLANG_WARN_BOOL_CONVERSION = YES;
				CLANG_WARN_CONSTANT_CONVERSION = YES;
				CLANG_WARN_DIRECT_OBJC_ISA_USAGE = YES_ERROR;
				CLANG_WARN_EMPTY_BODY = YES;
				CLANG_WARN_ENUM_CONVERSION = YES;
				CLANG_WARN_INT_CONVERSION = YES;
				CLANG_WARN_OBJC_ROOT_CLASS = YES_ERROR;
				CLANG_WARN_UNREACHABLE_CODE = YES;
				CLANG_WARN__DUPLICATE_METHOD_MATCH = YES;
				"CODE_SIGN_IDENTITY[sdk=iphoneos*]" = "iPhone Developer";
				COPY_PHASE_STRIP = NO;
				DEBUG_INFORMATION_FORMAT = dwarf;
				ENABLE_STRICT_OBJC_MSGSEND = YES;
				ENABLE_TESTABILITY = YES;
				GCC_C_LANGUAGE_STANDARD = gnu99;
				GCC_DYNAMIC_NO_PIC = NO;
				GCC_NO_COMMON_BLOCKS = YES;
				GCC_OPTIMIZATION_LEVEL = 0;
				GCC_PREPROCESSOR_DEFINITIONS = (
					"DEBUG=1",
					"$(inherited)",
				);
				GCC_WARN_64_TO_32_BIT_CONVERSION = YES;
				GCC_WARN_ABOUT_RETURN_TYPE = YES_ERROR;
				GCC_WARN_UNDECLARED_SELECTOR = YES;
				GCC_WARN_UNINITIALIZED_AUTOS = YES_AGGRESSIVE;
				GCC_WARN_UNUSED_FUNCTION = YES;
				GCC_WARN_UNUSED_VARIABLE = YES;
				IPHONEOS_DEPLOYMENT_TARGET = 8.0;
				MTL_ENABLE_DEBUG_INFO = YES;
				ONLY_ACTIVE_ARCH = YES;
				SDKROOT = iphoneos;
			};
			name = Debug;
		};
		A68C1B5A1C4CE461000E2BA6 /* Release */ = {
			isa = XCBuildConfiguration;
			buildSettings = {
				ALWAYS_SEARCH_USER_PATHS = NO;
				CLANG_CXX_LANGUAGE_STANDARD = "gnu++0x";
				CLANG_CXX_LIBRARY = "libc++";
				CLANG_ENABLE_MODULES = YES;
				CLANG_ENABLE_OBJC_ARC = YES;
				CLANG_WARN_BOOL_CONVERSION = YES;
				CLANG_WARN_CONSTANT_CONVERSION = YES;
				CLANG_WARN_DIRECT_OBJC_ISA_USAGE = YES_ERROR;
				CLANG_WARN_EMPTY_BODY = YES;
				CLANG_WARN_ENUM_CONVERSION = YES;
				CLANG_WARN_INT_CONVERSION = YES;
				CLANG_WARN_OBJC_ROOT_CLASS = YES_ERROR;
				CLANG_WARN_UNREACHABLE_CODE = YES;
				CLANG_WARN__DUPLICATE_METHOD_MATCH = YES;
				"CODE_SIGN_IDENTITY[sdk=iphoneos*]" = "iPhone Developer";
				COPY_PHASE_STRIP = NO;
				DEBUG_INFORMATION_FORMAT = "dwarf-with-dsym";
				ENABLE_NS_ASSERTIONS = NO;
				ENABLE_STRICT_OBJC_MSGSEND = YES;
				GCC_C_LANGUAGE_STANDARD = gnu99;
				GCC_NO_COMMON_BLOCKS = YES;
				GCC_WARN_64_TO_32_BIT_CONVERSION = YES;
				GCC_WARN_ABOUT_RETURN_TYPE = YES_ERROR;
				GCC_WARN_UNDECLARED_SELECTOR = YES;
				GCC_WARN_UNINITIALIZED_AUTOS = YES_AGGRESSIVE;
				GCC_WARN_UNUSED_FUNCTION = YES;
				GCC_WARN_UNUSED_VARIABLE = YES;
				IPHONEOS_DEPLOYMENT_TARGET = 8.0;
				MTL_ENABLE_DEBUG_INFO = NO;
				SDKROOT = iphoneos;
				VALIDATE_PRODUCT = YES;
			};
			name = Release;
		};
		A68C1B5C1C4CE461000E2BA6 /* Debug */ = {
			isa = XCBuildConfiguration;
			buildSettings = {
				ASSETCATALOG_COMPILER_APPICON_NAME = AppIcon;
				INFOPLIST_FILE = GpsPing/Info.plist;
				LD_RUNPATH_SEARCH_PATHS = "$(inherited) @executable_path/Frameworks";
				PRODUCT_BUNDLE_IDENTIFIER = appsonite.GpsPing;
				PRODUCT_NAME = "$(TARGET_NAME)";
			};
			name = Debug;
		};
		A68C1B5D1C4CE461000E2BA6 /* Release */ = {
			isa = XCBuildConfiguration;
			buildSettings = {
				ASSETCATALOG_COMPILER_APPICON_NAME = AppIcon;
				INFOPLIST_FILE = GpsPing/Info.plist;
				LD_RUNPATH_SEARCH_PATHS = "$(inherited) @executable_path/Frameworks";
				PRODUCT_BUNDLE_IDENTIFIER = appsonite.GpsPing;
				PRODUCT_NAME = "$(TARGET_NAME)";
			};
			name = Release;
		};
		A68C1B5F1C4CE461000E2BA6 /* Debug */ = {
			isa = XCBuildConfiguration;
			buildSettings = {
				BUNDLE_LOADER = "$(TEST_HOST)";
				INFOPLIST_FILE = GpsPingTests/Info.plist;
				LD_RUNPATH_SEARCH_PATHS = "$(inherited) @executable_path/Frameworks @loader_path/Frameworks";
				PRODUCT_BUNDLE_IDENTIFIER = appsonite.GpsPingTests;
				PRODUCT_NAME = "$(TARGET_NAME)";
				TEST_HOST = "$(BUILT_PRODUCTS_DIR)/GpsPing.app/GpsPing";
			};
			name = Debug;
		};
		A68C1B601C4CE461000E2BA6 /* Release */ = {
			isa = XCBuildConfiguration;
			buildSettings = {
				BUNDLE_LOADER = "$(TEST_HOST)";
				INFOPLIST_FILE = GpsPingTests/Info.plist;
				LD_RUNPATH_SEARCH_PATHS = "$(inherited) @executable_path/Frameworks @loader_path/Frameworks";
				PRODUCT_BUNDLE_IDENTIFIER = appsonite.GpsPingTests;
				PRODUCT_NAME = "$(TARGET_NAME)";
				TEST_HOST = "$(BUILT_PRODUCTS_DIR)/GpsPing.app/GpsPing";
			};
			name = Release;
		};
		A68C1B621C4CE461000E2BA6 /* Debug */ = {
			isa = XCBuildConfiguration;
			buildSettings = {
				INFOPLIST_FILE = GpsPingUITests/Info.plist;
				LD_RUNPATH_SEARCH_PATHS = "$(inherited) @executable_path/Frameworks @loader_path/Frameworks";
				PRODUCT_BUNDLE_IDENTIFIER = appsonite.GpsPingUITests;
				PRODUCT_NAME = "$(TARGET_NAME)";
				TEST_TARGET_NAME = GpsPing;
				USES_XCTRUNNER = YES;
			};
			name = Debug;
		};
		A68C1B631C4CE461000E2BA6 /* Release */ = {
			isa = XCBuildConfiguration;
			buildSettings = {
				INFOPLIST_FILE = GpsPingUITests/Info.plist;
				LD_RUNPATH_SEARCH_PATHS = "$(inherited) @executable_path/Frameworks @loader_path/Frameworks";
				PRODUCT_BUNDLE_IDENTIFIER = appsonite.GpsPingUITests;
				PRODUCT_NAME = "$(TARGET_NAME)";
				TEST_TARGET_NAME = GpsPing;
				USES_XCTRUNNER = YES;
			};
			name = Release;
		};
/* End XCBuildConfiguration section */

/* Begin XCConfigurationList section */
		A68C1B291C4CE460000E2BA6 /* Build configuration list for PBXProject "GpsPing" */ = {
			isa = XCConfigurationList;
			buildConfigurations = (
				A68C1B591C4CE461000E2BA6 /* Debug */,
				A68C1B5A1C4CE461000E2BA6 /* Release */,
			);
			defaultConfigurationIsVisible = 0;
			defaultConfigurationName = Release;
		};
		A68C1B5B1C4CE461000E2BA6 /* Build configuration list for PBXNativeTarget "GpsPing" */ = {
			isa = XCConfigurationList;
			buildConfigurations = (
				A68C1B5C1C4CE461000E2BA6 /* Debug */,
				A68C1B5D1C4CE461000E2BA6 /* Release */,
			);
			defaultConfigurationIsVisible = 0;
		};
		A68C1B5E1C4CE461000E2BA6 /* Build configuration list for PBXNativeTarget "GpsPingTests" */ = {
			isa = XCConfigurationList;
			buildConfigurations = (
				A68C1B5F1C4CE461000E2BA6 /* Debug */,
				A68C1B601C4CE461000E2BA6 /* Release */,
			);
			defaultConfigurationIsVisible = 0;
		};
		A68C1B611C4CE461000E2BA6 /* Build configuration list for PBXNativeTarget "GpsPingUITests" */ = {
			isa = XCConfigurationList;
			buildConfigurations = (
				A68C1B621C4CE461000E2BA6 /* Debug */,
				A68C1B631C4CE461000E2BA6 /* Release */,
			);
			defaultConfigurationIsVisible = 0;
		};
/* End XCConfigurationList section */
	};
	rootObject = A68C1B261C4CE460000E2BA6 /* Project object */;
}
